






<!DOCTYPE html>
<html lang="en" data-color-mode="auto" data-light-theme="light" data-dark-theme="dark" data-a11y-animated-images="system">
  <head>
    <meta charset="utf-8">
  <link rel="dns-prefetch" href="https://github.githubassets.com">
  <link rel="dns-prefetch" href="https://avatars.githubusercontent.com">
  <link rel="dns-prefetch" href="https://github-cloud.s3.amazonaws.com">
  <link rel="dns-prefetch" href="https://user-images.githubusercontent.com/">
  <link rel="preconnect" href="https://github.githubassets.com" crossorigin>
  <link rel="preconnect" href="https://avatars.githubusercontent.com">



  <link crossorigin="anonymous" media="all" rel="stylesheet" href="https://github.githubassets.com/assets/light-5178aee0ee76.css" /><link crossorigin="anonymous" media="all" rel="stylesheet" href="https://github.githubassets.com/assets/dark-217d4f9c8e70.css" /><link data-color-theme="dark_dimmed" crossorigin="anonymous" media="all" rel="stylesheet" data-href="https://github.githubassets.com/assets/dark_dimmed-0adfa28f0e68.css" /><link data-color-theme="dark_high_contrast" crossorigin="anonymous" media="all" rel="stylesheet" data-href="https://github.githubassets.com/assets/dark_high_contrast-1c8575b36644.css" /><link data-color-theme="dark_colorblind" crossorigin="anonymous" media="all" rel="stylesheet" data-href="https://github.githubassets.com/assets/dark_colorblind-5113d2be20b0.css" /><link data-color-theme="light_colorblind" crossorigin="anonymous" media="all" rel="stylesheet" data-href="https://github.githubassets.com/assets/light_colorblind-c96add742484.css" /><link data-color-theme="light_high_contrast" crossorigin="anonymous" media="all" rel="stylesheet" data-href="https://github.githubassets.com/assets/light_high_contrast-290f92f5e867.css" /><link data-color-theme="light_tritanopia" crossorigin="anonymous" media="all" rel="stylesheet" data-href="https://github.githubassets.com/assets/light_tritanopia-cdd88f146bf7.css" /><link data-color-theme="dark_tritanopia" crossorigin="anonymous" media="all" rel="stylesheet" data-href="https://github.githubassets.com/assets/dark_tritanopia-2171ea0f078b.css" />
  
    <link crossorigin="anonymous" media="all" rel="stylesheet" href="https://github.githubassets.com/assets/primer-2280eb26901e.css" />
    <link crossorigin="anonymous" media="all" rel="stylesheet" href="https://github.githubassets.com/assets/global-3ba07bcfee8b.css" />
    <link crossorigin="anonymous" media="all" rel="stylesheet" href="https://github.githubassets.com/assets/github-92ffe3571a94.css" />
  <link crossorigin="anonymous" media="all" rel="stylesheet" href="https://github.githubassets.com/assets/code-b39bb7b4e733.css" />

    <meta name="optimizely-datafile" content="{&quot;groups&quot;: [], &quot;environmentKey&quot;: &quot;production&quot;, &quot;rollouts&quot;: [], &quot;typedAudiences&quot;: [], &quot;projectId&quot;: &quot;16737760170&quot;, &quot;variables&quot;: [], &quot;featureFlags&quot;: [], &quot;experiments&quot;: [{&quot;status&quot;: &quot;Running&quot;, &quot;audienceIds&quot;: [], &quot;variations&quot;: [{&quot;variables&quot;: [], &quot;id&quot;: &quot;21540260416&quot;, &quot;key&quot;: &quot;variant_fetch_upstream&quot;}, {&quot;variables&quot;: [], &quot;id&quot;: &quot;21551370594&quot;, &quot;key&quot;: &quot;variant_sync_fork&quot;}], &quot;id&quot;: &quot;21532540507&quot;, &quot;key&quot;: &quot;fork_syncing&quot;, &quot;layerId&quot;: &quot;21510660568&quot;, &quot;trafficAllocation&quot;: [{&quot;entityId&quot;: &quot;21551370594&quot;, &quot;endOfRange&quot;: 5000}, {&quot;entityId&quot;: &quot;21551370594&quot;, &quot;endOfRange&quot;: 10000}], &quot;forcedVariations&quot;: {&quot;bcceffdcc63834cc146ddb8cce0c556d&quot;: &quot;variant_sync_fork&quot;, &quot;0bd228f43ec6ac1a9eb9087f4e2471e6&quot;: &quot;variant_sync_fork&quot;, &quot;404ee4d837b290b3089170d9226758ea&quot;: &quot;variant_sync_fork&quot;}}], &quot;version&quot;: &quot;4&quot;, &quot;audiences&quot;: [{&quot;conditions&quot;: &quot;[\&quot;or\&quot;, {\&quot;match\&quot;: \&quot;exact\&quot;, \&quot;name\&quot;: \&quot;$opt_dummy_attribute\&quot;, \&quot;type\&quot;: \&quot;custom_attribute\&quot;, \&quot;value\&quot;: \&quot;$opt_dummy_value\&quot;}]&quot;, &quot;id&quot;: &quot;$opt_dummy_audience&quot;, &quot;name&quot;: &quot;Optimizely-Generated Audience for Backwards Compatibility&quot;}], &quot;anonymizeIP&quot;: true, &quot;sdkKey&quot;: &quot;WTc6awnGuYDdG98CYRban&quot;, &quot;attributes&quot;: [{&quot;id&quot;: &quot;16822470375&quot;, &quot;key&quot;: &quot;user_id&quot;}, {&quot;id&quot;: &quot;17143601254&quot;, &quot;key&quot;: &quot;spammy&quot;}, {&quot;id&quot;: &quot;18175660309&quot;, &quot;key&quot;: &quot;organization_plan&quot;}, {&quot;id&quot;: &quot;18813001570&quot;, &quot;key&quot;: &quot;is_logged_in&quot;}, {&quot;id&quot;: &quot;19073851829&quot;, &quot;key&quot;: &quot;geo&quot;}, {&quot;id&quot;: &quot;20175462351&quot;, &quot;key&quot;: &quot;requestedCurrency&quot;}, {&quot;id&quot;: &quot;20785470195&quot;, &quot;key&quot;: &quot;country_code&quot;}, {&quot;id&quot;: &quot;21656311196&quot;, &quot;key&quot;: &quot;opened_downgrade_dialog&quot;}], &quot;botFiltering&quot;: false, &quot;accountId&quot;: &quot;16737760170&quot;, &quot;events&quot;: [{&quot;experimentIds&quot;: [], &quot;id&quot;: &quot;17911811441&quot;, &quot;key&quot;: &quot;hydro_click.dashboard.teacher_toolbox_cta&quot;}, {&quot;experimentIds&quot;: [], &quot;id&quot;: &quot;18124116703&quot;, &quot;key&quot;: &quot;submit.organizations.complete_sign_up&quot;}, {&quot;experimentIds&quot;: [], &quot;id&quot;: &quot;18145892387&quot;, &quot;key&quot;: &quot;no_metric.tracked_outside_of_optimizely&quot;}, {&quot;experimentIds&quot;: [], &quot;id&quot;: &quot;18178755568&quot;, &quot;key&quot;: &quot;click.org_onboarding_checklist.add_repo&quot;}, {&quot;experimentIds&quot;: [], &quot;id&quot;: &quot;18180553241&quot;, &quot;key&quot;: &quot;submit.repository_imports.create&quot;}, {&quot;experimentIds&quot;: [], &quot;id&quot;: &quot;18186103728&quot;, &quot;key&quot;: &quot;click.help.learn_more_about_repository_creation&quot;}, {&quot;experimentIds&quot;: [], &quot;id&quot;: &quot;18188530140&quot;, &quot;key&quot;: &quot;test_event&quot;}, {&quot;experimentIds&quot;: [], &quot;id&quot;: &quot;18191963644&quot;, &quot;key&quot;: &quot;click.empty_org_repo_cta.transfer_repository&quot;}, {&quot;experimentIds&quot;: [], &quot;id&quot;: &quot;18195612788&quot;, &quot;key&quot;: &quot;click.empty_org_repo_cta.import_repository&quot;}, {&quot;experimentIds&quot;: [], &quot;id&quot;: &quot;18210945499&quot;, &quot;key&quot;: &quot;click.org_onboarding_checklist.invite_members&quot;}, {&quot;experimentIds&quot;: [], &quot;id&quot;: &quot;18211063248&quot;, &quot;key&quot;: &quot;click.empty_org_repo_cta.create_repository&quot;}, {&quot;experimentIds&quot;: [], &quot;id&quot;: &quot;18215721889&quot;, &quot;key&quot;: &quot;click.org_onboarding_checklist.update_profile&quot;}, {&quot;experimentIds&quot;: [], &quot;id&quot;: &quot;18224360785&quot;, &quot;key&quot;: &quot;click.org_onboarding_checklist.dismiss&quot;}, {&quot;experimentIds&quot;: [], &quot;id&quot;: &quot;18234832286&quot;, &quot;key&quot;: &quot;submit.organization_activation.complete&quot;}, {&quot;experimentIds&quot;: [], &quot;id&quot;: &quot;18252392383&quot;, &quot;key&quot;: &quot;submit.org_repository.create&quot;}, {&quot;experimentIds&quot;: [], &quot;id&quot;: &quot;18257551537&quot;, &quot;key&quot;: &quot;submit.org_member_invitation.create&quot;}, {&quot;experimentIds&quot;: [], &quot;id&quot;: &quot;18259522260&quot;, &quot;key&quot;: &quot;submit.organization_profile.update&quot;}, {&quot;experimentIds&quot;: [], &quot;id&quot;: &quot;18564603625&quot;, &quot;key&quot;: &quot;view.classroom_select_organization&quot;}, {&quot;experimentIds&quot;: [], &quot;id&quot;: &quot;18568612016&quot;, &quot;key&quot;: &quot;click.classroom_sign_in_click&quot;}, {&quot;experimentIds&quot;: [], &quot;id&quot;: &quot;18572592540&quot;, &quot;key&quot;: &quot;view.classroom_name&quot;}, {&quot;experimentIds&quot;: [], &quot;id&quot;: &quot;18574203855&quot;, &quot;key&quot;: &quot;click.classroom_create_organization&quot;}, {&quot;experimentIds&quot;: [], &quot;id&quot;: &quot;18582053415&quot;, &quot;key&quot;: &quot;click.classroom_select_organization&quot;}, {&quot;experimentIds&quot;: [], &quot;id&quot;: &quot;18589463420&quot;, &quot;key&quot;: &quot;click.classroom_create_classroom&quot;}, {&quot;experimentIds&quot;: [], &quot;id&quot;: &quot;18591323364&quot;, &quot;key&quot;: &quot;click.classroom_create_first_classroom&quot;}, {&quot;experimentIds&quot;: [], &quot;id&quot;: &quot;18591652321&quot;, &quot;key&quot;: &quot;click.classroom_grant_access&quot;}, {&quot;experimentIds&quot;: [], &quot;id&quot;: &quot;18607131425&quot;, &quot;key&quot;: &quot;view.classroom_creation&quot;}, {&quot;experimentIds&quot;: [], &quot;id&quot;: &quot;18831680583&quot;, &quot;key&quot;: &quot;upgrade_account_plan&quot;}, {&quot;experimentIds&quot;: [], &quot;id&quot;: &quot;19064064515&quot;, &quot;key&quot;: &quot;click.signup&quot;}, {&quot;experimentIds&quot;: [], &quot;id&quot;: &quot;19075373687&quot;, &quot;key&quot;: &quot;click.view_account_billing_page&quot;}, {&quot;experimentIds&quot;: [], &quot;id&quot;: &quot;19077355841&quot;, &quot;key&quot;: &quot;click.dismiss_signup_prompt&quot;}, {&quot;experimentIds&quot;: [], &quot;id&quot;: &quot;19079713938&quot;, &quot;key&quot;: &quot;click.contact_sales&quot;}, {&quot;e